
Microsoft Visual Studio Solution File, Format Version 12.00
# Visual Studio Version 17
VisualStudioVersion = 17.8.34511.84
MinimumVisualStudioVersion = 10.0.40219.1
Project("{9A19103F-16F7-4668-BE54-9A1E7A4F7556}") = "bytebank01", "bytebank01\bytebank01.csproj", "{782C8D10-0EAC-499D-B3C8-701A4C37AFBB}"
EndProject
Project("{FAE04EC0-301F-11D3-BF4B-00C04F79EFBC}") = "bytebank_Modelos", "bytebank_Modelos\bytebank_Modelos.csproj", "{731CCAA2-09CE-4570-9221-EF62A705DFA0}"
EndProject
Global
	GlobalSection(SolutionConfigurationPlatforms) = preSolution
		Debug|Any CPU = Debug|Any CPU
		Release|Any CPU = Release|Any CPU
	EndGlobalSection
	GlobalSection(ProjectConfigurationPlatforms) = postSolution
		{782C8D10-0EAC-499D-B3C8-701A4C37AFBB}.Debug|Any CPU.ActiveCfg = Debug|Any CPU
		{782C8D10-0EAC-499D-B3C8-701A4C37AFBB}.Debug|Any CPU.Build.0 = Debug|Any CPU
		{782C8D10-0EAC-499D-B3C8-701A4C37AFBB}.Release|Any CPU.ActiveCfg = Release|Any CPU
		{782C8D10-0EAC-499D-B3C8-701A4C37AFBB}.Release|Any CPU.Build.0 = Release|Any CPU
		{731CCAA2-09CE-4570-9221-EF62A705DFA0}.Debug|Any CPU.ActiveCfg = Debug|Any CPU
		{731CCAA2-09CE-4570-9221-EF62A705DFA0}.Debug|Any CPU.Build.0 = Debug|Any CPU
		{731CCAA2-09CE-4570-9221-EF62A705DFA0}.Release|Any CPU.ActiveCfg = Release|Any CPU
		{731CCAA2-09CE-4570-9221-EF62A705DFA0}.Release|Any CPU.Build.0 = Release|Any CPU
	EndGlobalSection
	GlobalSection(SolutionProperties) = preSolution
		HideSolutionNode = FALSE
	EndGlobalSection
	GlobalSection(ExtensibilityGlobals) = postSolution
		SolutionGuid = {FF2329CE-9C38-4B5D-A7B2-D9E63A60B612}
	EndGlobalSection
EndGlobal
