
Microsoft Visual Studio Solution File, Format Version 12.00
# Visual Studio Version 17
VisualStudioVersion = 17.8.34511.84
MinimumVisualStudioVersion = 10.0.40219.1
Project("{FAE04EC0-301F-11D3-BF4B-00C04F79EFBC}") = "bytebank_GeradorChavePix03", "bytebank_GeradorChavePix03\bytebank_GeradorChavePix03.csproj", "{361A907B-5A82-4C51-87C3-8CABEE64E724}"
EndProject
Global
	GlobalSection(SolutionConfigurationPlatforms) = preSolution
		Debug|Any CPU = Debug|Any CPU
		Release|Any CPU = Release|Any CPU
	EndGlobalSection
	GlobalSection(ProjectConfigurationPlatforms) = postSolution
		{361A907B-5A82-4C51-87C3-8CABEE64E724}.Debug|Any CPU.ActiveCfg = Debug|Any CPU
		{361A907B-5A82-4C51-87C3-8CABEE64E724}.Debug|Any CPU.Build.0 = Debug|Any CPU
		{361A907B-5A82-4C51-87C3-8CABEE64E724}.Release|Any CPU.ActiveCfg = Release|Any CPU
		{361A907B-5A82-4C51-87C3-8CABEE64E724}.Release|Any CPU.Build.0 = Release|Any CPU
	EndGlobalSection
	GlobalSection(SolutionProperties) = preSolution
		HideSolutionNode = FALSE
	EndGlobalSection
	GlobalSection(ExtensibilityGlobals) = postSolution
		SolutionGuid = {E49DDE6F-373C-4139-ACA9-FFAB56C983F1}
	EndGlobalSection
EndGlobal
