
Microsoft Visual Studio Solution File, Format Version 12.00
# Visual Studio Version 17
VisualStudioVersion = 17.8.34511.84
MinimumVisualStudioVersion = 10.0.40219.1
Project("{FAE04EC0-301F-11D3-BF4B-00C04F79EFBC}") = "7days", "7days\7days.csproj", "{17B37B3D-FF1A-4F95-A139-FE08CB0A65E8}"
EndProject
Global
	GlobalSection(SolutionConfigurationPlatforms) = preSolution
		Debug|Any CPU = Debug|Any CPU
		Release|Any CPU = Release|Any CPU
	EndGlobalSection
	GlobalSection(ProjectConfigurationPlatforms) = postSolution
		{17B37B3D-FF1A-4F95-A139-FE08CB0A65E8}.Debug|Any CPU.ActiveCfg = Debug|Any CPU
		{17B37B3D-FF1A-4F95-A139-FE08CB0A65E8}.Debug|Any CPU.Build.0 = Debug|Any CPU
		{17B37B3D-FF1A-4F95-A139-FE08CB0A65E8}.Release|Any CPU.ActiveCfg = Release|Any CPU
		{17B37B3D-FF1A-4F95-A139-FE08CB0A65E8}.Release|Any CPU.Build.0 = Release|Any CPU
	EndGlobalSection
	GlobalSection(SolutionProperties) = preSolution
		HideSolutionNode = FALSE
	EndGlobalSection
	GlobalSection(ExtensibilityGlobals) = postSolution
		SolutionGuid = {58C1F391-BBAA-4412-982C-F39E8AB20C72}
	EndGlobalSection
EndGlobal
