
Microsoft Visual Studio Solution File, Format Version 12.00
# Visual Studio Version 17
VisualStudioVersion = 17.8.34511.84
MinimumVisualStudioVersion = 10.0.40219.1
Project("{FAE04EC0-301F-11D3-BF4B-00C04F79EFBC}") = "ConsumidorPacote03", "ConsumidorPacote03\ConsumidorPacote03.csproj", "{8E93ED84-F82C-4D14-BFEB-2B87514CCBCC}"
EndProject
Global
	GlobalSection(SolutionConfigurationPlatforms) = preSolution
		Debug|Any CPU = Debug|Any CPU
		Release|Any CPU = Release|Any CPU
	EndGlobalSection
	GlobalSection(ProjectConfigurationPlatforms) = postSolution
		{8E93ED84-F82C-4D14-BFEB-2B87514CCBCC}.Debug|Any CPU.ActiveCfg = Debug|Any CPU
		{8E93ED84-F82C-4D14-BFEB-2B87514CCBCC}.Debug|Any CPU.Build.0 = Debug|Any CPU
		{8E93ED84-F82C-4D14-BFEB-2B87514CCBCC}.Release|Any CPU.ActiveCfg = Release|Any CPU
		{8E93ED84-F82C-4D14-BFEB-2B87514CCBCC}.Release|Any CPU.Build.0 = Release|Any CPU
	EndGlobalSection
	GlobalSection(SolutionProperties) = preSolution
		HideSolutionNode = FALSE
	EndGlobalSection
	GlobalSection(ExtensibilityGlobals) = postSolution
		SolutionGuid = {B35AF4B0-B758-4E4B-BFEF-137D5C104D73}
	EndGlobalSection
EndGlobal
